// !$*UTF8*$!
{
	archiveVersion = 1;
	classes = {
	};
	objectVersion = 50;
	objects = {

/* Begin PBXBuildFile section */
		5F7EC76DFDD226776EB1FD59 /* Pods_Smack.framework in Frameworks */ = {isa = PBXBuildFile; fileRef = AE7E11BCDAD0EB8AC7C1CA9C /* Pods_Smack.framework */; };
		DC068A5720ED1658000CBE70 /* RoundedButton.swift in Sources */ = {isa = PBXBuildFile; fileRef = DC068A5620ED1658000CBE70 /* RoundedButton.swift */; };
		DC5745AA20E14BE9007C59E7 /* AppDelegate.swift in Sources */ = {isa = PBXBuildFile; fileRef = DC5745A920E14BE9007C59E7 /* AppDelegate.swift */; };
		DC5745AF20E14BE9007C59E7 /* Main.storyboard in Resources */ = {isa = PBXBuildFile; fileRef = DC5745AD20E14BE9007C59E7 /* Main.storyboard */; };
		DC5745B120E14BEB007C59E7 /* Assets.xcassets in Resources */ = {isa = PBXBuildFile; fileRef = DC5745B020E14BEB007C59E7 /* Assets.xcassets */; };
		DC5745B420E14BEB007C59E7 /* LaunchScreen.storyboard in Resources */ = {isa = PBXBuildFile; fileRef = DC5745B220E14BEB007C59E7 /* LaunchScreen.storyboard */; };
		DC57DE8920E921E6000DEB2E /* CreateAccountVC.swift in Sources */ = {isa = PBXBuildFile; fileRef = DC57DE8820E921E6000DEB2E /* CreateAccountVC.swift */; };
		DC57DE8C20E9AABE000DEB2E /* AuthService.swift in Sources */ = {isa = PBXBuildFile; fileRef = DC57DE8B20E9AABE000DEB2E /* AuthService.swift */; };
		DCA7727A20E30ED900C4738E /* SWRevealViewController.m in Sources */ = {isa = PBXBuildFile; fileRef = DCA7727920E30ED900C4738E /* SWRevealViewController.m */; };
		DCA7728020E3119300C4738E /* ChatVC.swift in Sources */ = {isa = PBXBuildFile; fileRef = DCA7727F20E3119300C4738E /* ChatVC.swift */; };
		DCA7728220E311B200C4738E /* ChannelVC.swift in Sources */ = {isa = PBXBuildFile; fileRef = DCA7728120E311B200C4738E /* ChannelVC.swift */; };
		DCA7728420E5BBF100C4738E /* GradientView.swift in Sources */ = {isa = PBXBuildFile; fileRef = DCA7728320E5BBF100C4738E /* GradientView.swift */; };
		DCA7728920E5D8EE00C4738E /* Constants.swift in Sources */ = {isa = PBXBuildFile; fileRef = DCA7728820E5D8EE00C4738E /* Constants.swift */; };
		DCA7728B20E5D92300C4738E /* LoginVC.swift in Sources */ = {isa = PBXBuildFile; fileRef = DCA7728A20E5D92300C4738E /* LoginVC.swift */; };
/* End PBXBuildFile section */

/* Begin PBXFileReference section */
		9B246CEA35ACA6145541EF62 /* Pods-Smack.release.xcconfig */ = {isa = PBXFileReference; includeInIndex = 1; lastKnownFileType = text.xcconfig; name = "Pods-Smack.release.xcconfig"; path = "Pods/Target Support Files/Pods-Smack/Pods-Smack.release.xcconfig"; sourceTree = "<group>"; };
		AE7E11BCDAD0EB8AC7C1CA9C /* Pods_Smack.framework */ = {isa = PBXFileReference; explicitFileType = wrapper.framework; includeInIndex = 0; path = Pods_Smack.framework; sourceTree = BUILT_PRODUCTS_DIR; };
		BFEA2C909CB58F1D6DA6735B /* Pods-Smack.debug.xcconfig */ = {isa = PBXFileReference; includeInIndex = 1; lastKnownFileType = text.xcconfig; name = "Pods-Smack.debug.xcconfig"; path = "Pods/Target Support Files/Pods-Smack/Pods-Smack.debug.xcconfig"; sourceTree = "<group>"; };
		DC068A5620ED1658000CBE70 /* RoundedButton.swift */ = {isa = PBXFileReference; lastKnownFileType = sourcecode.swift; path = RoundedButton.swift; sourceTree = "<group>"; };
		DC5745A620E14BE9007C59E7 /* Smack.app */ = {isa = PBXFileReference; explicitFileType = wrapper.application; includeInIndex = 0; path = Smack.app; sourceTree = BUILT_PRODUCTS_DIR; };
		DC5745A920E14BE9007C59E7 /* AppDelegate.swift */ = {isa = PBXFileReference; lastKnownFileType = sourcecode.swift; path = AppDelegate.swift; sourceTree = "<group>"; };
		DC5745AE20E14BE9007C59E7 /* Base */ = {isa = PBXFileReference; lastKnownFileType = file.storyboard; name = Base; path = Base.lproj/Main.storyboard; sourceTree = "<group>"; };
		DC5745B020E14BEB007C59E7 /* Assets.xcassets */ = {isa = PBXFileReference; lastKnownFileType = folder.assetcatalog; path = Assets.xcassets; sourceTree = "<group>"; };
		DC5745B320E14BEB007C59E7 /* Base */ = {isa = PBXFileReference; lastKnownFileType = file.storyboard; name = Base; path = Base.lproj/LaunchScreen.storyboard; sourceTree = "<group>"; };
		DC5745B520E14BEB007C59E7 /* Info.plist */ = {isa = PBXFileReference; lastKnownFileType = text.plist.xml; path = Info.plist; sourceTree = "<group>"; };
		DC57DE8820E921E6000DEB2E /* CreateAccountVC.swift */ = {isa = PBXFileReference; lastKnownFileType = sourcecode.swift; path = CreateAccountVC.swift; sourceTree = "<group>"; };
		DC57DE8B20E9AABE000DEB2E /* AuthService.swift */ = {isa = PBXFileReference; lastKnownFileType = sourcecode.swift; path = AuthService.swift; sourceTree = "<group>"; };
		DCA7727820E30ED900C4738E /* SWRevealViewController.h */ = {isa = PBXFileReference; fileEncoding = 4; lastKnownFileType = sourcecode.c.h; name = SWRevealViewController.h; path = "../../../../Tutorials/[FreeTutorials.Us] Udemy - devslopes-ios11/06 Networking_ APIs_ REST_ and Building a Slack Clone/Smack Assets/SWReveal/SWRevealViewController.h"; sourceTree = "<group>"; };
		DCA7727920E30ED900C4738E /* SWRevealViewController.m */ = {isa = PBXFileReference; fileEncoding = 4; lastKnownFileType = sourcecode.c.objc; name = SWRevealViewController.m; path = "../../../../Tutorials/[FreeTutorials.Us] Udemy - devslopes-ios11/06 Networking_ APIs_ REST_ and Building a Slack Clone/Smack Assets/SWReveal/SWRevealViewController.m"; sourceTree = "<group>"; };
		DCA7727B20E30F9200C4738E /* Smack-Bridging-Header.h */ = {isa = PBXFileReference; lastKnownFileType = sourcecode.c.h; path = "Smack-Bridging-Header.h"; sourceTree = "<group>"; };
		DCA7727F20E3119300C4738E /* ChatVC.swift */ = {isa = PBXFileReference; lastKnownFileType = sourcecode.swift; path = ChatVC.swift; sourceTree = "<group>"; };
		DCA7728120E311B200C4738E /* ChannelVC.swift */ = {isa = PBXFileReference; lastKnownFileType = sourcecode.swift; path = ChannelVC.swift; sourceTree = "<group>"; };
		DCA7728320E5BBF100C4738E /* GradientView.swift */ = {isa = PBXFileReference; lastKnownFileType = sourcecode.swift; path = GradientView.swift; sourceTree = "<group>"; };
		DCA7728820E5D8EE00C4738E /* Constants.swift */ = {isa = PBXFileReference; lastKnownFileType = sourcecode.swift; path = Constants.swift; sourceTree = "<group>"; };
		DCA7728A20E5D92300C4738E /* LoginVC.swift */ = {isa = PBXFileReference; lastKnownFileType = sourcecode.swift; path = LoginVC.swift; sourceTree = "<group>"; };
/* End PBXFileReference section */

/* Begin PBXFrameworksBuildPhase section */
		DC5745A320E14BE9007C59E7 /* Frameworks */ = {
			isa = PBXFrameworksBuildPhase;
			buildActionMask = 2147483647;
			files = (
				5F7EC76DFDD226776EB1FD59 /* Pods_Smack.framework in Frameworks */,
			);
			runOnlyForDeploymentPostprocessing = 0;
		};
/* End PBXFrameworksBuildPhase section */

/* Begin PBXGroup section */
		1DA59621428B044BEFD306C2 /* Frameworks */ = {
			isa = PBXGroup;
			children = (
				AE7E11BCDAD0EB8AC7C1CA9C /* Pods_Smack.framework */,
			);
			name = Frameworks;
			sourceTree = "<group>";
		};
		59D345558D2E737124FDF45D /* Pods */ = {
			isa = PBXGroup;
			children = (
				BFEA2C909CB58F1D6DA6735B /* Pods-Smack.debug.xcconfig */,
				9B246CEA35ACA6145541EF62 /* Pods-Smack.release.xcconfig */,
			);
			name = Pods;
			sourceTree = "<group>";
		};
		DC3E8A6C20E1C6B8005F5069 /* SupportingFile */ = {
			isa = PBXGroup;
			children = (
				DCA7727820E30ED900C4738E /* SWRevealViewController.h */,
				DCA7727920E30ED900C4738E /* SWRevealViewController.m */,
				DCA7727B20E30F9200C4738E /* Smack-Bridging-Header.h */,
			);
			path = SupportingFile;
			sourceTree = "<group>";
		};
		DC57459D20E14BE9007C59E7 = {
			isa = PBXGroup;
			children = (
				DC5745A820E14BE9007C59E7 /* Smack */,
				DC5745A720E14BE9007C59E7 /* Products */,
				59D345558D2E737124FDF45D /* Pods */,
				1DA59621428B044BEFD306C2 /* Frameworks */,
			);
			sourceTree = "<group>";
		};
		DC5745A720E14BE9007C59E7 /* Products */ = {
			isa = PBXGroup;
			children = (
				DC5745A620E14BE9007C59E7 /* Smack.app */,
			);
			name = Products;
			sourceTree = "<group>";
		};
		DC5745A820E14BE9007C59E7 /* Smack */ = {
			isa = PBXGroup;
			children = (
				DC57DE8A20E9AA95000DEB2E /* Services */,
				DCA7728720E5D8B300C4738E /* Utils */,
				DCA7727E20E310AC00C4738E /* Model */,
				DCA7727D20E310A200C4738E /* View */,
				DCA7727C20E3109200C4738E /* Controller */,
				DC3E8A6C20E1C6B8005F5069 /* SupportingFile */,
				DC5745A920E14BE9007C59E7 /* AppDelegate.swift */,
				DC5745AD20E14BE9007C59E7 /* Main.storyboard */,
				DC5745B020E14BEB007C59E7 /* Assets.xcassets */,
				DC5745B220E14BEB007C59E7 /* LaunchScreen.storyboard */,
				DC5745B520E14BEB007C59E7 /* Info.plist */,
			);
			path = Smack;
			sourceTree = "<group>";
		};
		DC57DE8A20E9AA95000DEB2E /* Services */ = {
			isa = PBXGroup;
			children = (
				DC57DE8B20E9AABE000DEB2E /* AuthService.swift */,
			);
			path = Services;
			sourceTree = "<group>";
		};
		DCA7727C20E3109200C4738E /* Controller */ = {
			isa = PBXGroup;
			children = (
				DCA7727F20E3119300C4738E /* ChatVC.swift */,
				DCA7728120E311B200C4738E /* ChannelVC.swift */,
				DCA7728A20E5D92300C4738E /* LoginVC.swift */,
				DC57DE8820E921E6000DEB2E /* CreateAccountVC.swift */,
			);
			path = Controller;
			sourceTree = "<group>";
		};
		DCA7727D20E310A200C4738E /* View */ = {
			isa = PBXGroup;
			children = (
				DCA7728320E5BBF100C4738E /* GradientView.swift */,
				DC068A5620ED1658000CBE70 /* RoundedButton.swift */,
			);
			path = View;
			sourceTree = "<group>";
		};
		DCA7727E20E310AC00C4738E /* Model */ = {
			isa = PBXGroup;
			children = (
			);
			path = Model;
			sourceTree = "<group>";
		};
		DCA7728720E5D8B300C4738E /* Utils */ = {
			isa = PBXGroup;
			children = (
				DCA7728820E5D8EE00C4738E /* Constants.swift */,
			);
			path = Utils;
			sourceTree = "<group>";
		};
/* End PBXGroup section */

/* Begin PBXNativeTarget section */
		DC5745A520E14BE9007C59E7 /* Smack */ = {
			isa = PBXNativeTarget;
			buildConfigurationList = DC5745B820E14BEB007C59E7 /* Build configuration list for PBXNativeTarget "Smack" */;
			buildPhases = (
				9D3DE946E3A0B61D59E7D93B /* [CP] Check Pods Manifest.lock */,
				DC5745A220E14BE9007C59E7 /* Sources */,
				DC5745A320E14BE9007C59E7 /* Frameworks */,
				DC5745A420E14BE9007C59E7 /* Resources */,
				1DAF730628D533D54CA85C7D /* [CP] Embed Pods Frameworks */,
			);
			buildRules = (
			);
			dependencies = (
			);
			name = Smack;
			productName = Smack;
			productReference = DC5745A620E14BE9007C59E7 /* Smack.app */;
			productType = "com.apple.product-type.application";
		};
/* End PBXNativeTarget section */

/* Begin PBXProject section */
		DC57459E20E14BE9007C59E7 /* Project object */ = {
			isa = PBXProject;
			attributes = {
				LastSwiftUpdateCheck = 0940;
				LastUpgradeCheck = 0940;
				ORGANIZATIONNAME = aunogarafat;
				TargetAttributes = {
					DC5745A520E14BE9007C59E7 = {
						CreatedOnToolsVersion = 9.4.1;
						LastSwiftMigration = 0940;
					};
				};
			};
			buildConfigurationList = DC5745A120E14BE9007C59E7 /* Build configuration list for PBXProject "Smack" */;
			compatibilityVersion = "Xcode 9.3";
			developmentRegion = en;
			hasScannedForEncodings = 0;
			knownRegions = (
				en,
				Base,
			);
			mainGroup = DC57459D20E14BE9007C59E7;
			productRefGroup = DC5745A720E14BE9007C59E7 /* Products */;
			projectDirPath = "";
			projectRoot = "";
			targets = (
				DC5745A520E14BE9007C59E7 /* Smack */,
			);
		};
/* End PBXProject section */

/* Begin PBXResourcesBuildPhase section */
		DC5745A420E14BE9007C59E7 /* Resources */ = {
			isa = PBXResourcesBuildPhase;
			buildActionMask = 2147483647;
			files = (
				DC5745B420E14BEB007C59E7 /* LaunchScreen.storyboard in Resources */,
				DC5745B120E14BEB007C59E7 /* Assets.xcassets in Resources */,
				DC5745AF20E14BE9007C59E7 /* Main.storyboard in Resources */,
			);
			runOnlyForDeploymentPostprocessing = 0;
		};
/* End PBXResourcesBuildPhase section */

/* Begin PBXShellScriptBuildPhase section */
		1DAF730628D533D54CA85C7D /* [CP] Embed Pods Frameworks */ = {
			isa = PBXShellScriptBuildPhase;
			buildActionMask = 2147483647;
			files = (
			);
			inputPaths = (
				"${SRCROOT}/Pods/Target Support Files/Pods-Smack/Pods-Smack-frameworks.sh",
				"${BUILT_PRODUCTS_DIR}/Alamofire/Alamofire.framework",
				"${BUILT_PRODUCTS_DIR}/Socket.IO-Client-Swift/SocketIO.framework",
				"${BUILT_PRODUCTS_DIR}/Starscream/Starscream.framework",
				"${BUILT_PRODUCTS_DIR}/SwiftyJSON/SwiftyJSON.framework",
			);
			name = "[CP] Embed Pods Frameworks";
			outputPaths = (
				"${TARGET_BUILD_DIR}/${FRAMEWORKS_FOLDER_PATH}/Alamofire.framework",
				"${TARGET_BUILD_DIR}/${FRAMEWORKS_FOLDER_PATH}/SocketIO.framework",
				"${TARGET_BUILD_DIR}/${FRAMEWORKS_FOLDER_PATH}/Starscream.framework",
				"${TARGET_BUILD_DIR}/${FRAMEWORKS_FOLDER_PATH}/SwiftyJSON.framework",
			);
			runOnlyForDeploymentPostprocessing = 0;
			shellPath = /bin/sh;
			shellScript = "\"${SRCROOT}/Pods/Target Support Files/Pods-Smack/Pods-Smack-frameworks.sh\"\n";
			showEnvVarsInLog = 0;
		};
		9D3DE946E3A0B61D59E7D93B /* [CP] Check Pods Manifest.lock */ = {
			isa = PBXShellScriptBuildPhase;
			buildActionMask = 2147483647;
			files = (
			);
			inputPaths = (
				"${PODS_PODFILE_DIR_PATH}/Podfile.lock",
				"${PODS_ROOT}/Manifest.lock",
			);
			name = "[CP] Check Pods Manifest.lock";
			outputPaths = (
				"$(DERIVED_FILE_DIR)/Pods-Smack-checkManifestLockResult.txt",
			);
			runOnlyForDeploymentPostprocessing = 0;
			shellPath = /bin/sh;
			shellScript = "diff \"${PODS_PODFILE_DIR_PATH}/Podfile.lock\" \"${PODS_ROOT}/Manifest.lock\" > /dev/null\nif [ $? != 0 ] ; then\n    # print error to STDERR\n    echo \"error: The sandbox is not in sync with the Podfile.lock. Run 'pod install' or update your CocoaPods installation.\" >&2\n    exit 1\nfi\n# This output is used by Xcode 'outputs' to avoid re-running this script phase.\necho \"SUCCESS\" > \"${SCRIPT_OUTPUT_FILE_0}\"\n";
			showEnvVarsInLog = 0;
		};
/* End PBXShellScriptBuildPhase section */

/* Begin PBXSourcesBuildPhase section */
		DC5745A220E14BE9007C59E7 /* Sources */ = {
			isa = PBXSourcesBuildPhase;
			buildActionMask = 2147483647;
			files = (
				DCA7728220E311B200C4738E /* ChannelVC.swift in Sources */,
				DC068A5720ED1658000CBE70 /* RoundedButton.swift in Sources */,
				DCA7728020E3119300C4738E /* ChatVC.swift in Sources */,
				DC57DE8920E921E6000DEB2E /* CreateAccountVC.swift in Sources */,
				DC57DE8C20E9AABE000DEB2E /* AuthService.swift in Sources */,
				DCA7728B20E5D92300C4738E /* LoginVC.swift in Sources */,
				DCA7728420E5BBF100C4738E /* GradientView.swift in Sources */,
				DC5745AA20E14BE9007C59E7 /* AppDelegate.swift in Sources */,
				DCA7727A20E30ED900C4738E /* SWRevealViewController.m in Sources */,
				DCA7728920E5D8EE00C4738E /* Constants.swift in Sources */,
			);
			runOnlyForDeploymentPostprocessing = 0;
		};
/* End PBXSourcesBuildPhase section */

/* Begin PBXVariantGroup section */
		DC5745AD20E14BE9007C59E7 /* Main.storyboard */ = {
			isa = PBXVariantGroup;
			children = (
				DC5745AE20E14BE9007C59E7 /* Base */,
			);
			name = Main.storyboard;
			sourceTree = "<group>";
		};
		DC5745B220E14BEB007C59E7 /* LaunchScreen.storyboard */ = {
			isa = PBXVariantGroup;
			children = (
				DC5745B320E14BEB007C59E7 /* Base */,
			);
			name = LaunchScreen.storyboard;
			sourceTree = "<group>";
		};
/* End PBXVariantGroup section */

/* Begin XCBuildConfiguration section */
		DC5745B620E14BEB007C59E7 /* Debug */ = {
			isa = XCBuildConfiguration;
			buildSettings = {
				ALWAYS_SEARCH_USER_PATHS = NO;
				CLANG_ANALYZER_NONNULL = YES;
				CLANG_ANALYZER_NUMBER_OBJECT_CONVERSION = YES_AGGRESSIVE;
				CLANG_CXX_LANGUAGE_STANDARD = "gnu++14";
				CLANG_CXX_LIBRARY = "libc++";
				CLANG_ENABLE_MODULES = YES;
				CLANG_ENABLE_OBJC_ARC = YES;
				CLANG_ENABLE_OBJC_WEAK = YES;
				CLANG_WARN_BLOCK_CAPTURE_AUTORELEASING = YES;
				CLANG_WARN_BOOL_CONVERSION = YES;
				CLANG_WARN_COMMA = YES;
				CLANG_WARN_CONSTANT_CONVERSION = YES;
				CLANG_WARN_DEPRECATED_OBJC_IMPLEMENTATIONS = YES;
				CLANG_WARN_DIRECT_OBJC_ISA_USAGE = YES_ERROR;
				CLANG_WARN_DOCUMENTATION_COMMENTS = YES;
				CLANG_WARN_EMPTY_BODY = YES;
				CLANG_WARN_ENUM_CONVERSION = YES;
				CLANG_WARN_INFINITE_RECURSION = YES;
				CLANG_WARN_INT_CONVERSION = YES;
				CLANG_WARN_NON_LITERAL_NULL_CONVERSION = YES;
				CLANG_WARN_OBJC_IMPLICIT_RETAIN_SELF = YES;
				CLANG_WARN_OBJC_LITERAL_CONVERSION = YES;
				CLANG_WARN_OBJC_ROOT_CLASS = YES_ERROR;
				CLANG_WARN_RANGE_LOOP_ANALYSIS = YES;
				CLANG_WARN_STRICT_PROTOTYPES = YES;
				CLANG_WARN_SUSPICIOUS_MOVE = YES;
				CLANG_WARN_UNGUARDED_AVAILABILITY = YES_AGGRESSIVE;
				CLANG_WARN_UNREACHABLE_CODE = YES;
				CLANG_WARN__DUPLICATE_METHOD_MATCH = YES;
				CODE_SIGN_IDENTITY = "iPhone Developer";
				COPY_PHASE_STRIP = NO;
				DEBUG_INFORMATION_FORMAT = dwarf;
				ENABLE_STRICT_OBJC_MSGSEND = YES;
				ENABLE_TESTABILITY = YES;
				GCC_C_LANGUAGE_STANDARD = gnu11;
				GCC_DYNAMIC_NO_PIC = NO;
				GCC_NO_COMMON_BLOCKS = YES;
				GCC_OPTIMIZATION_LEVEL = 0;
				GCC_PREPROCESSOR_DEFINITIONS = (
					"DEBUG=1",
					"$(inherited)",
				);
				GCC_WARN_64_TO_32_BIT_CONVERSION = YES;
				GCC_WARN_ABOUT_RETURN_TYPE = YES_ERROR;
				GCC_WARN_UNDECLARED_SELECTOR = YES;
				GCC_WARN_UNINITIALIZED_AUTOS = YES_AGGRESSIVE;
				GCC_WARN_UNUSED_FUNCTION = YES;
				GCC_WARN_UNUSED_VARIABLE = YES;
				IPHONEOS_DEPLOYMENT_TARGET = 11.4;
				MTL_ENABLE_DEBUG_INFO = YES;
				ONLY_ACTIVE_ARCH = YES;
				SDKROOT = iphoneos;
				SWIFT_ACTIVE_COMPILATION_CONDITIONS = DEBUG;
				SWIFT_OPTIMIZATION_LEVEL = "-Onone";
			};
			name = Debug;
		};
		DC5745B720E14BEB007C59E7 /* Release */ = {
			isa = XCBuildConfiguration;
			buildSettings = {
				ALWAYS_SEARCH_USER_PATHS = NO;
				CLANG_ANALYZER_NONNULL = YES;
				CLANG_ANALYZER_NUMBER_OBJECT_CONVERSION = YES_AGGRESSIVE;
				CLANG_CXX_LANGUAGE_STANDARD = "gnu++14";
				CLANG_CXX_LIBRARY = "libc++";
				CLANG_ENABLE_MODULES = YES;
				CLANG_ENABLE_OBJC_ARC = YES;
				CLANG_ENABLE_OBJC_WEAK = YES;
				CLANG_WARN_BLOCK_CAPTURE_AUTORELEASING = YES;
				CLANG_WARN_BOOL_CONVERSION = YES;
				CLANG_WARN_COMMA = YES;
				CLANG_WARN_CONSTANT_CONVERSION = YES;
				CLANG_WARN_DEPRECATED_OBJC_IMPLEMENTATIONS = YES;
				CLANG_WARN_DIRECT_OBJC_ISA_USAGE = YES_ERROR;
				CLANG_WARN_DOCUMENTATION_COMMENTS = YES;
				CLANG_WARN_EMPTY_BODY = YES;
				CLANG_WARN_ENUM_CONVERSION = YES;
				CLANG_WARN_INFINITE_RECURSION = YES;
				CLANG_WARN_INT_CONVERSION = YES;
				CLANG_WARN_NON_LITERAL_NULL_CONVERSION = YES;
				CLANG_WARN_OBJC_IMPLICIT_RETAIN_SELF = YES;
				CLANG_WARN_OBJC_LITERAL_CONVERSION = YES;
				CLANG_WARN_OBJC_ROOT_CLASS = YES_ERROR;
				CLANG_WARN_RANGE_LOOP_ANALYSIS = YES;
				CLANG_WARN_STRICT_PROTOTYPES = YES;
				CLANG_WARN_SUSPICIOUS_MOVE = YES;
				CLANG_WARN_UNGUARDED_AVAILABILITY = YES_AGGRESSIVE;
				CLANG_WARN_UNREACHABLE_CODE = YES;
				CLANG_WARN__DUPLICATE_METHOD_MATCH = YES;
				CODE_SIGN_IDENTITY = "iPhone Developer";
				COPY_PHASE_STRIP = NO;
				DEBUG_INFORMATION_FORMAT = "dwarf-with-dsym";
				ENABLE_NS_ASSERTIONS = NO;
				ENABLE_STRICT_OBJC_MSGSEND = YES;
				GCC_C_LANGUAGE_STANDARD = gnu11;
				GCC_NO_COMMON_BLOCKS = YES;
				GCC_WARN_64_TO_32_BIT_CONVERSION = YES;
				GCC_WARN_ABOUT_RETURN_TYPE = YES_ERROR;
				GCC_WARN_UNDECLARED_SELECTOR = YES;
				GCC_WARN_UNINITIALIZED_AUTOS = YES_AGGRESSIVE;
				GCC_WARN_UNUSED_FUNCTION = YES;
				GCC_WARN_UNUSED_VARIABLE = YES;
				IPHONEOS_DEPLOYMENT_TARGET = 11.4;
				MTL_ENABLE_DEBUG_INFO = NO;
				SDKROOT = iphoneos;
				SWIFT_COMPILATION_MODE = wholemodule;
				SWIFT_OPTIMIZATION_LEVEL = "-O";
				VALIDATE_PRODUCT = YES;
			};
			name = Release;
		};
		DC5745B920E14BEB007C59E7 /* Debug */ = {
			isa = XCBuildConfiguration;
			baseConfigurationReference = BFEA2C909CB58F1D6DA6735B /* Pods-Smack.debug.xcconfig */;
			buildSettings = {
				ASSETCATALOG_COMPILER_APPICON_NAME = AppIcon;
				CLANG_ENABLE_MODULES = YES;
				CODE_SIGN_STYLE = Automatic;
				INFOPLIST_FILE = Smack/Info.plist;
				IPHONEOS_DEPLOYMENT_TARGET = 10.3;
				LD_RUNPATH_SEARCH_PATHS = (
					"$(inherited)",
					"@executable_path/Frameworks",
				);
				PRODUCT_BUNDLE_IDENTIFIER = com.aunogarafat.Smack;
				PRODUCT_NAME = "$(TARGET_NAME)";
				SWIFT_OBJC_BRIDGING_HEADER = "/Users/aunogarafat/LearnSwift/Smack/Smack/SupportingFile/Smack-Bridging-Header.h";
				SWIFT_OPTIMIZATION_LEVEL = "-Onone";
				SWIFT_VERSION = 4.0;
				TARGETED_DEVICE_FAMILY = 1;
			};
			name = Debug;
		};
		DC5745BA20E14BEB007C59E7 /* Release */ = {
			isa = XCBuildConfiguration;
			baseConfigurationReference = 9B246CEA35ACA6145541EF62 /* Pods-Smack.release.xcconfig */;
			buildSettings = {
				ASSETCATALOG_COMPILER_APPICON_NAME = AppIcon;
				CLANG_ENABLE_MODULES = YES;
				CODE_SIGN_STYLE = Automatic;
				INFOPLIST_FILE = Smack/Info.plist;
				IPHONEOS_DEPLOYMENT_TARGET = 10.3;
				LD_RUNPATH_SEARCH_PATHS = (
					"$(inherited)",
					"@executable_path/Frameworks",
				);
				PRODUCT_BUNDLE_IDENTIFIER = com.aunogarafat.Smack;
				PRODUCT_NAME = "$(TARGET_NAME)";
				SWIFT_OBJC_BRIDGING_HEADER = "/Users/aunogarafat/LearnSwift/Smack/Smack/SupportingFile/Smack-Bridging-Header.h";
				SWIFT_VERSION = 4.0;
				TARGETED_DEVICE_FAMILY = 1;
			};
			name = Release;
		};
/* End XCBuildConfiguration section */

/* Begin XCConfigurationList section */
		DC5745A120E14BE9007C59E7 /* Build configuration list for PBXProject "Smack" */ = {
			isa = XCConfigurationList;
			buildConfigurations = (
				DC5745B620E14BEB007C59E7 /* Debug */,
				DC5745B720E14BEB007C59E7 /* Release */,
			);
			defaultConfigurationIsVisible = 0;
			defaultConfigurationName = Release;
		};
		DC5745B820E14BEB007C59E7 /* Build configuration list for PBXNativeTarget "Smack" */ = {
			isa = XCConfigurationList;
			buildConfigurations = (
				DC5745B920E14BEB007C59E7 /* Debug */,
				DC5745BA20E14BEB007C59E7 /* Release */,
			);
			defaultConfigurationIsVisible = 0;
			defaultConfigurationName = Release;
		};
/* End XCConfigurationList section */
	};
	rootObject = DC57459E20E14BE9007C59E7 /* Project object */;
}
